// !$*UTF8*$!
{
	archiveVersion = 1;
	classes = {
	};
	objectVersion = 56;
	objects = {

/* Begin PBXBuildFile section */
		B351708A2CD6054900D929F3 /* BookmarkViewModel.swift in Sources */ = {isa = PBXBuildFile; fileRef = B35170892CD6054900D929F3 /* BookmarkViewModel.swift */; };
		B351708C2CD60A3E00D929F3 /* BookmarkTabView.swift in Sources */ = {isa = PBXBuildFile; fileRef = B351708B2CD60A3E00D929F3 /* BookmarkTabView.swift */; };
		B35170902CD6126500D929F3 /* EmptyPlaceholderView.swift in Sources */ = {isa = PBXBuildFile; fileRef = B351708F2CD6126500D929F3 /* EmptyPlaceholderView.swift */; };
		B35170922CD6158C00D929F3 /* NewsArticleList.swift in Sources */ = {isa = PBXBuildFile; fileRef = B35170912CD6158C00D929F3 /* NewsArticleList.swift */; };
		B35170A62CD61E6C00D929F3 /* ArticleTest.swift in Sources */ = {isa = PBXBuildFile; fileRef = B35170A52CD61E6C00D929F3 /* ArticleTest.swift */; };
		B35170A82CD6213A00D929F3 /* NewResponseTest.swift in Sources */ = {isa = PBXBuildFile; fileRef = B35170A72CD6213A00D929F3 /* NewResponseTest.swift */; };
		B35170AB2CD6226E00D929F3 /* NewsCategoryTest.swift in Sources */ = {isa = PBXBuildFile; fileRef = B35170AA2CD6226E00D929F3 /* NewsCategoryTest.swift */; };
		B35170C72CD6556300D929F3 /* DataStoreTest.swift in Sources */ = {isa = PBXBuildFile; fileRef = B35170C62CD6556300D929F3 /* DataStoreTest.swift */; };
		B35170C92CD65A1A00D929F3 /* BookmarkViewModelTests.swift in Sources */ = {isa = PBXBuildFile; fileRef = B35170C82CD65A1A00D929F3 /* BookmarkViewModelTests.swift */; };
		B35170CB2CD65F9800D929F3 /* MockNewsService.swift in Sources */ = {isa = PBXBuildFile; fileRef = B35170CA2CD65F9800D929F3 /* MockNewsService.swift */; };
		B35170CE2CD65FF000D929F3 /* NewsServiceTests.swift in Sources */ = {isa = PBXBuildFile; fileRef = B35170CD2CD65FF000D929F3 /* NewsServiceTests.swift */; };
		B35170D02CD6700000D929F3 /* ArticleNewsViewModelTests.swift in Sources */ = {isa = PBXBuildFile; fileRef = B35170CF2CD6700000D929F3 /* ArticleNewsViewModelTests.swift */; };
		B3744AD32CD38F4000CB6E02 /* DataStore.swift in Sources */ = {isa = PBXBuildFile; fileRef = B3744AD22CD38F4000CB6E02 /* DataStore.swift */; };
		B3744AD52CD3907500CB6E02 /* WebView.swift in Sources */ = {isa = PBXBuildFile; fileRef = B3744AD42CD3907500CB6E02 /* WebView.swift */; };
		B3AB1B322CD2589C00D4DB44 /* NewsReaderAppApp.swift in Sources */ = {isa = PBXBuildFile; fileRef = B3AB1B312CD2589C00D4DB44 /* NewsReaderAppApp.swift */; };
		B3AB1B342CD2589C00D4DB44 /* ContentView.swift in Sources */ = {isa = PBXBuildFile; fileRef = B3AB1B332CD2589C00D4DB44 /* ContentView.swift */; };
		B3AB1B362CD2589E00D4DB44 /* Assets.xcassets in Resources */ = {isa = PBXBuildFile; fileRef = B3AB1B352CD2589E00D4DB44 /* Assets.xcassets */; };
		B3AB1B392CD2589E00D4DB44 /* Preview Assets.xcassets in Resources */ = {isa = PBXBuildFile; fileRef = B3AB1B382CD2589E00D4DB44 /* Preview Assets.xcassets */; };
		B3AB1B462CD2653C00D4DB44 /* NewsTabView.swift in Sources */ = {isa = PBXBuildFile; fileRef = B3AB1B452CD2653C00D4DB44 /* NewsTabView.swift */; };
		B3AB1B4E2CD2692400D4DB44 /* dummyNews.json in Resources */ = {isa = PBXBuildFile; fileRef = B3AB1B4D2CD2692400D4DB44 /* dummyNews.json */; };
		B3AB1B502CD26A0C00D4DB44 /* Article.swift in Sources */ = {isa = PBXBuildFile; fileRef = B3AB1B4F2CD26A0C00D4DB44 /* Article.swift */; };
		B3AB1B522CD26DF600D4DB44 /* NewsResponse.swift in Sources */ = {isa = PBXBuildFile; fileRef = B3AB1B512CD26DF600D4DB44 /* NewsResponse.swift */; };
		B3AB1B582CD28E7D00D4DB44 /* ArticleNewsViewModel.swift in Sources */ = {isa = PBXBuildFile; fileRef = B3AB1B572CD28E7D00D4DB44 /* ArticleNewsViewModel.swift */; };
		B3AB1B5A2CD28ECB00D4DB44 /* APIManager.swift in Sources */ = {isa = PBXBuildFile; fileRef = B3AB1B592CD28ECB00D4DB44 /* APIManager.swift */; };
		B3AB1B5C2CD28FF500D4DB44 /* Category.swift in Sources */ = {isa = PBXBuildFile; fileRef = B3AB1B5B2CD28FF500D4DB44 /* Category.swift */; };
		B3AB1B5E2CD296F500D4DB44 /* ArticleRow.swift in Sources */ = {isa = PBXBuildFile; fileRef = B3AB1B5D2CD296F500D4DB44 /* ArticleRow.swift */; };
/* End PBXBuildFile section */

/* Begin PBXContainerItemProxy section */
		B35170A02CD61DBB00D929F3 /* PBXContainerItemProxy */ = {
			isa = PBXContainerItemProxy;
			containerPortal = B3AB1B262CD2589C00D4DB44 /* Project object */;
			proxyType = 1;
			remoteGlobalIDString = B3AB1B2D2CD2589C00D4DB44;
			remoteInfo = NewsReaderApp;
		};
/* End PBXContainerItemProxy section */

/* Begin PBXFileReference section */
		B35170892CD6054900D929F3 /* BookmarkViewModel.swift */ = {isa = PBXFileReference; lastKnownFileType = sourcecode.swift; path = BookmarkViewModel.swift; sourceTree = "<group>"; };
		B351708B2CD60A3E00D929F3 /* BookmarkTabView.swift */ = {isa = PBXFileReference; lastKnownFileType = sourcecode.swift; path = BookmarkTabView.swift; sourceTree = "<group>"; };
		B351708F2CD6126500D929F3 /* EmptyPlaceholderView.swift */ = {isa = PBXFileReference; lastKnownFileType = sourcecode.swift; path = EmptyPlaceholderView.swift; sourceTree = "<group>"; };
		B35170912CD6158C00D929F3 /* NewsArticleList.swift */ = {isa = PBXFileReference; lastKnownFileType = sourcecode.swift; path = NewsArticleList.swift; sourceTree = "<group>"; };
		B351709C2CD61DBB00D929F3 /* NewsReaderAppTests.xctest */ = {isa = PBXFileReference; explicitFileType = wrapper.cfbundle; includeInIndex = 0; path = NewsReaderAppTests.xctest; sourceTree = BUILT_PRODUCTS_DIR; };
		B35170A52CD61E6C00D929F3 /* ArticleTest.swift */ = {isa = PBXFileReference; lastKnownFileType = sourcecode.swift; path = ArticleTest.swift; sourceTree = "<group>"; };
		B35170A72CD6213A00D929F3 /* NewResponseTest.swift */ = {isa = PBXFileReference; lastKnownFileType = sourcecode.swift; path = NewResponseTest.swift; sourceTree = "<group>"; };
		B35170AA2CD6226E00D929F3 /* NewsCategoryTest.swift */ = {isa = PBXFileReference; lastKnownFileType = sourcecode.swift; path = NewsCategoryTest.swift; sourceTree = "<group>"; };
		B35170C62CD6556300D929F3 /* DataStoreTest.swift */ = {isa = PBXFileReference; lastKnownFileType = sourcecode.swift; path = DataStoreTest.swift; sourceTree = "<group>"; };
		B35170C82CD65A1A00D929F3 /* BookmarkViewModelTests.swift */ = {isa = PBXFileReference; lastKnownFileType = sourcecode.swift; path = BookmarkViewModelTests.swift; sourceTree = "<group>"; };
		B35170CA2CD65F9800D929F3 /* MockNewsService.swift */ = {isa = PBXFileReference; lastKnownFileType = sourcecode.swift; path = MockNewsService.swift; sourceTree = "<group>"; };
		B35170CD2CD65FF000D929F3 /* NewsServiceTests.swift */ = {isa = PBXFileReference; lastKnownFileType = sourcecode.swift; path = NewsServiceTests.swift; sourceTree = "<group>"; };
		B35170CF2CD6700000D929F3 /* ArticleNewsViewModelTests.swift */ = {isa = PBXFileReference; lastKnownFileType = sourcecode.swift; path = ArticleNewsViewModelTests.swift; sourceTree = "<group>"; };
		B35170D32CD67CD900D929F3 /* NewsReaderApp.xctestplan */ = {isa = PBXFileReference; lastKnownFileType = text; path = NewsReaderApp.xctestplan; sourceTree = "<group>"; };
		B3744AD22CD38F4000CB6E02 /* DataStore.swift */ = {isa = PBXFileReference; lastKnownFileType = sourcecode.swift; path = DataStore.swift; sourceTree = "<group>"; };
		B3744AD42CD3907500CB6E02 /* WebView.swift */ = {isa = PBXFileReference; lastKnownFileType = sourcecode.swift; path = WebView.swift; sourceTree = "<group>"; };
		B3AB1B2E2CD2589C00D4DB44 /* NewsReaderApp.app */ = {isa = PBXFileReference; explicitFileType = wrapper.application; includeInIndex = 0; path = NewsReaderApp.app; sourceTree = BUILT_PRODUCTS_DIR; };
		B3AB1B312CD2589C00D4DB44 /* NewsReaderAppApp.swift */ = {isa = PBXFileReference; lastKnownFileType = sourcecode.swift; path = NewsReaderAppApp.swift; sourceTree = "<group>"; };
		B3AB1B332CD2589C00D4DB44 /* ContentView.swift */ = {isa = PBXFileReference; lastKnownFileType = sourcecode.swift; path = ContentView.swift; sourceTree = "<group>"; };
		B3AB1B352CD2589E00D4DB44 /* Assets.xcassets */ = {isa = PBXFileReference; lastKnownFileType = folder.assetcatalog; path = Assets.xcassets; sourceTree = "<group>"; };
		B3AB1B382CD2589E00D4DB44 /* Preview Assets.xcassets */ = {isa = PBXFileReference; lastKnownFileType = folder.assetcatalog; path = "Preview Assets.xcassets"; sourceTree = "<group>"; };
		B3AB1B452CD2653C00D4DB44 /* NewsTabView.swift */ = {isa = PBXFileReference; lastKnownFileType = sourcecode.swift; path = NewsTabView.swift; sourceTree = "<group>"; };
		B3AB1B4D2CD2692400D4DB44 /* dummyNews.json */ = {isa = PBXFileReference; lastKnownFileType = text.json; path = dummyNews.json; sourceTree = "<group>"; };
		B3AB1B4F2CD26A0C00D4DB44 /* Article.swift */ = {isa = PBXFileReference; lastKnownFileType = sourcecode.swift; path = Article.swift; sourceTree = "<group>"; };
		B3AB1B512CD26DF600D4DB44 /* NewsResponse.swift */ = {isa = PBXFileReference; lastKnownFileType = sourcecode.swift; path = NewsResponse.swift; sourceTree = "<group>"; };
		B3AB1B572CD28E7D00D4DB44 /* ArticleNewsViewModel.swift */ = {isa = PBXFileReference; lastKnownFileType = sourcecode.swift; path = ArticleNewsViewModel.swift; sourceTree = "<group>"; };
		B3AB1B592CD28ECB00D4DB44 /* APIManager.swift */ = {isa = PBXFileReference; lastKnownFileType = sourcecode.swift; path = APIManager.swift; sourceTree = "<group>"; };
		B3AB1B5B2CD28FF500D4DB44 /* Category.swift */ = {isa = PBXFileReference; lastKnownFileType = sourcecode.swift; path = Category.swift; sourceTree = "<group>"; };
		B3AB1B5D2CD296F500D4DB44 /* ArticleRow.swift */ = {isa = PBXFileReference; lastKnownFileType = sourcecode.swift; path = ArticleRow.swift; sourceTree = "<group>"; };
/* End PBXFileReference section */

/* Begin PBXFrameworksBuildPhase section */
		B35170992CD61DBB00D929F3 /* Frameworks */ = {
			isa = PBXFrameworksBuildPhase;
			buildActionMask = 2147483647;
			files = (
			);
			runOnlyForDeploymentPostprocessing = 0;
		};
		B3AB1B2B2CD2589C00D4DB44 /* Frameworks */ = {
			isa = PBXFrameworksBuildPhase;
			buildActionMask = 2147483647;
			files = (
			);
			runOnlyForDeploymentPostprocessing = 0;
		};
/* End PBXFrameworksBuildPhase section */

/* Begin PBXGroup section */
		B351709D2CD61DBB00D929F3 /* NewsReaderAppTests */ = {
			isa = PBXGroup;
			children = (
				B35170A52CD61E6C00D929F3 /* ArticleTest.swift */,
				B35170A72CD6213A00D929F3 /* NewResponseTest.swift */,
				B35170AA2CD6226E00D929F3 /* NewsCategoryTest.swift */,
				B35170C62CD6556300D929F3 /* DataStoreTest.swift */,
				B35170C82CD65A1A00D929F3 /* BookmarkViewModelTests.swift */,
				B35170CD2CD65FF000D929F3 /* NewsServiceTests.swift */,
				B35170CF2CD6700000D929F3 /* ArticleNewsViewModelTests.swift */,
			);
			path = NewsReaderAppTests;
			sourceTree = "<group>";
		};
		B3AB1B252CD2589C00D4DB44 = {
			isa = PBXGroup;
			children = (
				B35170D32CD67CD900D929F3 /* NewsReaderApp.xctestplan */,
				B3AB1B302CD2589C00D4DB44 /* NewsReaderApp */,
				B351709D2CD61DBB00D929F3 /* NewsReaderAppTests */,
				B3AB1B2F2CD2589C00D4DB44 /* Products */,
			);
			sourceTree = "<group>";
		};
		B3AB1B2F2CD2589C00D4DB44 /* Products */ = {
			isa = PBXGroup;
			children = (
				B3AB1B2E2CD2589C00D4DB44 /* NewsReaderApp.app */,
				B351709C2CD61DBB00D929F3 /* NewsReaderAppTests.xctest */,
			);
			name = Products;
			sourceTree = "<group>";
		};
		B3AB1B302CD2589C00D4DB44 /* NewsReaderApp */ = {
			isa = PBXGroup;
			children = (
				B3AB1B4A2CD268C800D4DB44 /* SupportFile */,
				B3AB1B432CD25B9F00D4DB44 /* Main */,
				B3AB1B422CD25B6D00D4DB44 /* Model */,
				B3AB1B412CD25B6100D4DB44 /* View */,
				B3AB1B402CD25B4900D4DB44 /* ViewModel */,
				B3AB1B3F2CD25AC300D4DB44 /* Services */,
				B3AB1B352CD2589E00D4DB44 /* Assets.xcassets */,
				B3AB1B372CD2589E00D4DB44 /* Preview Content */,
			);
			path = NewsReaderApp;
			sourceTree = "<group>";
		};
		B3AB1B372CD2589E00D4DB44 /* Preview Content */ = {
			isa = PBXGroup;
			children = (
				B3AB1B382CD2589E00D4DB44 /* Preview Assets.xcassets */,
			);
			path = "Preview Content";
			sourceTree = "<group>";
		};
		B3AB1B3F2CD25AC300D4DB44 /* Services */ = {
			isa = PBXGroup;
			children = (
				B3AB1B592CD28ECB00D4DB44 /* APIManager.swift */,
				B35170CA2CD65F9800D929F3 /* MockNewsService.swift */,
			);
			path = Services;
			sourceTree = "<group>";
		};
		B3AB1B402CD25B4900D4DB44 /* ViewModel */ = {
			isa = PBXGroup;
			children = (
				B3AB1B572CD28E7D00D4DB44 /* ArticleNewsViewModel.swift */,
				B35170892CD6054900D929F3 /* BookmarkViewModel.swift */,
			);
			path = ViewModel;
			sourceTree = "<group>";
		};
		B3AB1B412CD25B6100D4DB44 /* View */ = {
			isa = PBXGroup;
			children = (
				B3AB1B452CD2653C00D4DB44 /* NewsTabView.swift */,
				B3AB1B332CD2589C00D4DB44 /* ContentView.swift */,
				B3AB1B5D2CD296F500D4DB44 /* ArticleRow.swift */,
				B3744AD42CD3907500CB6E02 /* WebView.swift */,
				B351708B2CD60A3E00D929F3 /* BookmarkTabView.swift */,
				B351708F2CD6126500D929F3 /* EmptyPlaceholderView.swift */,
				B35170912CD6158C00D929F3 /* NewsArticleList.swift */,
			);
			path = View;
			sourceTree = "<group>";
		};
		B3AB1B422CD25B6D00D4DB44 /* Model */ = {
			isa = PBXGroup;
			children = (
				B3AB1B4F2CD26A0C00D4DB44 /* Article.swift */,
				B3AB1B512CD26DF600D4DB44 /* NewsResponse.swift */,
				B3AB1B5B2CD28FF500D4DB44 /* Category.swift */,
				B3744AD22CD38F4000CB6E02 /* DataStore.swift */,
			);
			path = Model;
			sourceTree = "<group>";
		};
		B3AB1B432CD25B9F00D4DB44 /* Main */ = {
			isa = PBXGroup;
			children = (
				B3AB1B312CD2589C00D4DB44 /* NewsReaderAppApp.swift */,
			);
			path = Main;
			sourceTree = "<group>";
		};
		B3AB1B4A2CD268C800D4DB44 /* SupportFile */ = {
			isa = PBXGroup;
			children = (
				B3AB1B4D2CD2692400D4DB44 /* dummyNews.json */,
			);
			path = SupportFile;
			sourceTree = "<group>";
		};
/* End PBXGroup section */

/* Begin PBXNativeTarget section */
		B351709B2CD61DBB00D929F3 /* NewsReaderAppTests */ = {
			isa = PBXNativeTarget;
			buildConfigurationList = B35170A22CD61DBB00D929F3 /* Build configuration list for PBXNativeTarget "NewsReaderAppTests" */;
			buildPhases = (
				B35170982CD61DBB00D929F3 /* Sources */,
				B35170992CD61DBB00D929F3 /* Frameworks */,
				B351709A2CD61DBB00D929F3 /* Resources */,
			);
			buildRules = (
			);
			dependencies = (
				B35170A12CD61DBB00D929F3 /* PBXTargetDependency */,
			);
			name = NewsReaderAppTests;
			productName = NewsReaderAppTests;
			productReference = B351709C2CD61DBB00D929F3 /* NewsReaderAppTests.xctest */;
			productType = "com.apple.product-type.bundle.unit-test";
		};
		B3AB1B2D2CD2589C00D4DB44 /* NewsReaderApp */ = {
			isa = PBXNativeTarget;
			buildConfigurationList = B3AB1B3C2CD2589E00D4DB44 /* Build configuration list for PBXNativeTarget "NewsReaderApp" */;
			buildPhases = (
				B3AB1B2A2CD2589C00D4DB44 /* Sources */,
				B3AB1B2B2CD2589C00D4DB44 /* Frameworks */,
				B3AB1B2C2CD2589C00D4DB44 /* Resources */,
			);
			buildRules = (
			);
			dependencies = (
			);
			name = NewsReaderApp;
			productName = NewsReaderApp;
			productReference = B3AB1B2E2CD2589C00D4DB44 /* NewsReaderApp.app */;
			productType = "com.apple.product-type.application";
		};
/* End PBXNativeTarget section */

/* Begin PBXProject section */
		B3AB1B262CD2589C00D4DB44 /* Project object */ = {
			isa = PBXProject;
			attributes = {
				BuildIndependentTargetsInParallel = 1;
				LastSwiftUpdateCheck = 1430;
				LastUpgradeCheck = 1430;
				TargetAttributes = {
					B351709B2CD61DBB00D929F3 = {
						CreatedOnToolsVersion = 14.3;
						TestTargetID = B3AB1B2D2CD2589C00D4DB44;
					};
					B3AB1B2D2CD2589C00D4DB44 = {
						CreatedOnToolsVersion = 14.3;
					};
				};
			};
			buildConfigurationList = B3AB1B292CD2589C00D4DB44 /* Build configuration list for PBXProject "NewsReaderApp" */;
			compatibilityVersion = "Xcode 14.0";
			developmentRegion = en;
			hasScannedForEncodings = 0;
			knownRegions = (
				en,
				Base,
			);
			mainGroup = B3AB1B252CD2589C00D4DB44;
			productRefGroup = B3AB1B2F2CD2589C00D4DB44 /* Products */;
			projectDirPath = "";
			projectRoot = "";
			targets = (
				B3AB1B2D2CD2589C00D4DB44 /* NewsReaderApp */,
				B351709B2CD61DBB00D929F3 /* NewsReaderAppTests */,
			);
		};
/* End PBXProject section */

/* Begin PBXResourcesBuildPhase section */
		B351709A2CD61DBB00D929F3 /* Resources */ = {
			isa = PBXResourcesBuildPhase;
			buildActionMask = 2147483647;
			files = (
			);
			runOnlyForDeploymentPostprocessing = 0;
		};
		B3AB1B2C2CD2589C00D4DB44 /* Resources */ = {
			isa = PBXResourcesBuildPhase;
			buildActionMask = 2147483647;
			files = (
				B3AB1B392CD2589E00D4DB44 /* Preview Assets.xcassets in Resources */,
				B3AB1B4E2CD2692400D4DB44 /* dummyNews.json in Resources */,
				B3AB1B362CD2589E00D4DB44 /* Assets.xcassets in Resources */,
			);
			runOnlyForDeploymentPostprocessing = 0;
		};
/* End PBXResourcesBuildPhase section */

/* Begin PBXSourcesBuildPhase section */
		B35170982CD61DBB00D929F3 /* Sources */ = {
			isa = PBXSourcesBuildPhase;
			buildActionMask = 2147483647;
			files = (
				B35170C72CD6556300D929F3 /* DataStoreTest.swift in Sources */,
				B35170AB2CD6226E00D929F3 /* NewsCategoryTest.swift in Sources */,
				B35170D02CD6700000D929F3 /* ArticleNewsViewModelTests.swift in Sources */,
				B35170C92CD65A1A00D929F3 /* BookmarkViewModelTests.swift in Sources */,
				B35170A62CD61E6C00D929F3 /* ArticleTest.swift in Sources */,
				B35170A82CD6213A00D929F3 /* NewResponseTest.swift in Sources */,
				B35170CE2CD65FF000D929F3 /* NewsServiceTests.swift in Sources */,
			);
			runOnlyForDeploymentPostprocessing = 0;
		};
		B3AB1B2A2CD2589C00D4DB44 /* Sources */ = {
			isa = PBXSourcesBuildPhase;
			buildActionMask = 2147483647;
			files = (
				B351708A2CD6054900D929F3 /* BookmarkViewModel.swift in Sources */,
				B3744AD32CD38F4000CB6E02 /* DataStore.swift in Sources */,
				B3744AD52CD3907500CB6E02 /* WebView.swift in Sources */,
				B3AB1B5C2CD28FF500D4DB44 /* Category.swift in Sources */,
				B35170902CD6126500D929F3 /* EmptyPlaceholderView.swift in Sources */,
				B3AB1B5A2CD28ECB00D4DB44 /* APIManager.swift in Sources */,
				B3AB1B462CD2653C00D4DB44 /* NewsTabView.swift in Sources */,
				B351708C2CD60A3E00D929F3 /* BookmarkTabView.swift in Sources */,
				B35170CB2CD65F9800D929F3 /* MockNewsService.swift in Sources */,
				B3AB1B582CD28E7D00D4DB44 /* ArticleNewsViewModel.swift in Sources */,
				B3AB1B342CD2589C00D4DB44 /* ContentView.swift in Sources */,
				B35170922CD6158C00D929F3 /* NewsArticleList.swift in Sources */,
				B3AB1B5E2CD296F500D4DB44 /* ArticleRow.swift in Sources */,
				B3AB1B322CD2589C00D4DB44 /* NewsReaderAppApp.swift in Sources */,
				B3AB1B502CD26A0C00D4DB44 /* Article.swift in Sources */,
				B3AB1B522CD26DF600D4DB44 /* NewsResponse.swift in Sources */,
			);
			runOnlyForDeploymentPostprocessing = 0;
		};
/* End PBXSourcesBuildPhase section */

/* Begin PBXTargetDependency section */
		B35170A12CD61DBB00D929F3 /* PBXTargetDependency */ = {
			isa = PBXTargetDependency;
			target = B3AB1B2D2CD2589C00D4DB44 /* NewsReaderApp */;
			targetProxy = B35170A02CD61DBB00D929F3 /* PBXContainerItemProxy */;
		};
/* End PBXTargetDependency section */

/* Begin XCBuildConfiguration section */
		B35170A32CD61DBB00D929F3 /* Debug */ = {
			isa = XCBuildConfiguration;
			buildSettings = {
				BUNDLE_LOADER = "$(TEST_HOST)";
				CODE_SIGN_STYLE = Automatic;
				CURRENT_PROJECT_VERSION = 1;
				GENERATE_INFOPLIST_FILE = YES;
				MARKETING_VERSION = 1.0;
				PRODUCT_BUNDLE_IDENTIFIER = sachin.com.NewsReaderAppTests;
				PRODUCT_NAME = "$(TARGET_NAME)";
				SWIFT_EMIT_LOC_STRINGS = NO;
				SWIFT_VERSION = 5.0;
				TARGETED_DEVICE_FAMILY = "1,2";
				TEST_HOST = "$(BUILT_PRODUCTS_DIR)/NewsReaderApp.app/$(BUNDLE_EXECUTABLE_FOLDER_PATH)/NewsReaderApp";
			};
			name = Debug;
		};
		B35170A42CD61DBB00D929F3 /* Release */ = {
			isa = XCBuildConfiguration;
			buildSettings = {
				BUNDLE_LOADER = "$(TEST_HOST)";
				CODE_SIGN_STYLE = Automatic;
				CURRENT_PROJECT_VERSION = 1;
				GENERATE_INFOPLIST_FILE = YES;
				MARKETING_VERSION = 1.0;
				PRODUCT_BUNDLE_IDENTIFIER = sachin.com.NewsReaderAppTests;
				PRODUCT_NAME = "$(TARGET_NAME)";
				SWIFT_EMIT_LOC_STRINGS = NO;
				SWIFT_VERSION = 5.0;
				TARGETED_DEVICE_FAMILY = "1,2";
				TEST_HOST = "$(BUILT_PRODUCTS_DIR)/NewsReaderApp.app/$(BUNDLE_EXECUTABLE_FOLDER_PATH)/NewsReaderApp";
			};
			name = Release;
		};
		B3AB1B3A2CD2589E00D4DB44 /* Debug */ = {
			isa = XCBuildConfiguration;
			buildSettings = {
				ALWAYS_SEARCH_USER_PATHS = NO;
				CLANG_ANALYZER_NONNULL = YES;
				CLANG_ANALYZER_NUMBER_OBJECT_CONVERSION = YES_AGGRESSIVE;
				CLANG_CXX_LANGUAGE_STANDARD = "gnu++20";
				CLANG_ENABLE_MODULES = YES;
				CLANG_ENABLE_OBJC_ARC = YES;
				CLANG_ENABLE_OBJC_WEAK = YES;
				CLANG_WARN_BLOCK_CAPTURE_AUTORELEASING = YES;
				CLANG_WARN_BOOL_CONVERSION = YES;
				CLANG_WARN_COMMA = YES;
				CLANG_WARN_CONSTANT_CONVERSION = YES;
				CLANG_WARN_DEPRECATED_OBJC_IMPLEMENTATIONS = YES;
				CLANG_WARN_DIRECT_OBJC_ISA_USAGE = YES_ERROR;
				CLANG_WARN_DOCUMENTATION_COMMENTS = YES;
				CLANG_WARN_EMPTY_BODY = YES;
				CLANG_WARN_ENUM_CONVERSION = YES;
				CLANG_WARN_INFINITE_RECURSION = YES;
				CLANG_WARN_INT_CONVERSION = YES;
				CLANG_WARN_NON_LITERAL_NULL_CONVERSION = YES;
				CLANG_WARN_OBJC_IMPLICIT_RETAIN_SELF = YES;
				CLANG_WARN_OBJC_LITERAL_CONVERSION = YES;
				CLANG_WARN_OBJC_ROOT_CLASS = YES_ERROR;
				CLANG_WARN_QUOTED_INCLUDE_IN_FRAMEWORK_HEADER = YES;
				CLANG_WARN_RANGE_LOOP_ANALYSIS = YES;
				CLANG_WARN_STRICT_PROTOTYPES = YES;
				CLANG_WARN_SUSPICIOUS_MOVE = YES;
				CLANG_WARN_UNGUARDED_AVAILABILITY = YES_AGGRESSIVE;
				CLANG_WARN_UNREACHABLE_CODE = YES;
				CLANG_WARN__DUPLICATE_METHOD_MATCH = YES;
				COPY_PHASE_STRIP = NO;
				DEBUG_INFORMATION_FORMAT = dwarf;
				ENABLE_STRICT_OBJC_MSGSEND = YES;
				ENABLE_TESTABILITY = YES;
				GCC_C_LANGUAGE_STANDARD = gnu11;
				GCC_DYNAMIC_NO_PIC = NO;
				GCC_NO_COMMON_BLOCKS = YES;
				GCC_OPTIMIZATION_LEVEL = 0;
				GCC_PREPROCESSOR_DEFINITIONS = (
					"DEBUG=1",
					"$(inherited)",
				);
				GCC_WARN_64_TO_32_BIT_CONVERSION = YES;
				GCC_WARN_ABOUT_RETURN_TYPE = YES_ERROR;
				GCC_WARN_UNDECLARED_SELECTOR = YES;
				GCC_WARN_UNINITIALIZED_AUTOS = YES_AGGRESSIVE;
				GCC_WARN_UNUSED_FUNCTION = YES;
				GCC_WARN_UNUSED_VARIABLE = YES;
				IPHONEOS_DEPLOYMENT_TARGET = 16.4;
				MTL_ENABLE_DEBUG_INFO = INCLUDE_SOURCE;
				MTL_FAST_MATH = YES;
				ONLY_ACTIVE_ARCH = YES;
				SDKROOT = iphoneos;
				SWIFT_ACTIVE_COMPILATION_CONDITIONS = DEBUG;
				SWIFT_OPTIMIZATION_LEVEL = "-Onone";
			};
			name = Debug;
		};
		B3AB1B3B2CD2589E00D4DB44 /* Release */ = {
			isa = XCBuildConfiguration;
			buildSettings = {
				ALWAYS_SEARCH_USER_PATHS = NO;
				CLANG_ANALYZER_NONNULL = YES;
				CLANG_ANALYZER_NUMBER_OBJECT_CONVERSION = YES_AGGRESSIVE;
				CLANG_CXX_LANGUAGE_STANDARD = "gnu++20";
				CLANG_ENABLE_MODULES = YES;
				CLANG_ENABLE_OBJC_ARC = YES;
				CLANG_ENABLE_OBJC_WEAK = YES;
				CLANG_WARN_BLOCK_CAPTURE_AUTORELEASING = YES;
				CLANG_WARN_BOOL_CONVERSION = YES;
				CLANG_WARN_COMMA = YES;
				CLANG_WARN_CONSTANT_CONVERSION = YES;
				CLANG_WARN_DEPRECATED_OBJC_IMPLEMENTATIONS = YES;
				CLANG_WARN_DIRECT_OBJC_ISA_USAGE = YES_ERROR;
				CLANG_WARN_DOCUMENTATION_COMMENTS = YES;
				CLANG_WARN_EMPTY_BODY = YES;
				CLANG_WARN_ENUM_CONVERSION = YES;
				CLANG_WARN_INFINITE_RECURSION = YES;
				CLANG_WARN_INT_CONVERSION = YES;
				CLANG_WARN_NON_LITERAL_NULL_CONVERSION = YES;
				CLANG_WARN_OBJC_IMPLICIT_RETAIN_SELF = YES;
				CLANG_WARN_OBJC_LITERAL_CONVERSION = YES;
				CLANG_WARN_OBJC_ROOT_CLASS = YES_ERROR;
				CLANG_WARN_QUOTED_INCLUDE_IN_FRAMEWORK_HEADER = YES;
				CLANG_WARN_RANGE_LOOP_ANALYSIS = YES;
				CLANG_WARN_STRICT_PROTOTYPES = YES;
				CLANG_WARN_SUSPICIOUS_MOVE = YES;
				CLANG_WARN_UNGUARDED_AVAILABILITY = YES_AGGRESSIVE;
				CLANG_WARN_UNREACHABLE_CODE = YES;
				CLANG_WARN__DUPLICATE_METHOD_MATCH = YES;
				COPY_PHASE_STRIP = NO;
				DEBUG_INFORMATION_FORMAT = "dwarf-with-dsym";
				ENABLE_NS_ASSERTIONS = NO;
				ENABLE_STRICT_OBJC_MSGSEND = YES;
				GCC_C_LANGUAGE_STANDARD = gnu11;
				GCC_NO_COMMON_BLOCKS = YES;
				GCC_WARN_64_TO_32_BIT_CONVERSION = YES;
				GCC_WARN_ABOUT_RETURN_TYPE = YES_ERROR;
				GCC_WARN_UNDECLARED_SELECTOR = YES;
				GCC_WARN_UNINITIALIZED_AUTOS = YES_AGGRESSIVE;
				GCC_WARN_UNUSED_FUNCTION = YES;
				GCC_WARN_UNUSED_VARIABLE = YES;
				IPHONEOS_DEPLOYMENT_TARGET = 16.4;
				MTL_ENABLE_DEBUG_INFO = NO;
				MTL_FAST_MATH = YES;
				SDKROOT = iphoneos;
				SWIFT_COMPILATION_MODE = wholemodule;
				SWIFT_OPTIMIZATION_LEVEL = "-O";
				VALIDATE_PRODUCT = YES;
			};
			name = Release;
		};
		B3AB1B3D2CD2589E00D4DB44 /* Debug */ = {
			isa = XCBuildConfiguration;
			buildSettings = {
				ASSETCATALOG_COMPILER_APPICON_NAME = AppIcon;
				ASSETCATALOG_COMPILER_GLOBAL_ACCENT_COLOR_NAME = AccentColor;
				CODE_SIGN_STYLE = Automatic;
				CURRENT_PROJECT_VERSION = 1;
				DEVELOPMENT_ASSET_PATHS = "\"NewsReaderApp/Preview Content\"";
				ENABLE_PREVIEWS = YES;
				GENERATE_INFOPLIST_FILE = YES;
				INFOPLIST_KEY_UIApplicationSceneManifest_Generation = YES;
				INFOPLIST_KEY_UIApplicationSupportsIndirectInputEvents = YES;
				INFOPLIST_KEY_UILaunchScreen_Generation = YES;
				INFOPLIST_KEY_UISupportedInterfaceOrientations_iPad = "UIInterfaceOrientationPortrait UIInterfaceOrientationPortraitUpsideDown UIInterfaceOrientationLandscapeLeft UIInterfaceOrientationLandscapeRight";
				INFOPLIST_KEY_UISupportedInterfaceOrientations_iPhone = "UIInterfaceOrientationPortrait UIInterfaceOrientationLandscapeLeft UIInterfaceOrientationLandscapeRight";
				LD_RUNPATH_SEARCH_PATHS = (
					"$(inherited)",
					"@executable_path/Frameworks",
				);
				MARKETING_VERSION = 1.0;
				PRODUCT_BUNDLE_IDENTIFIER = sachin.com.NewsReaderApp;
				PRODUCT_NAME = "$(TARGET_NAME)";
				SWIFT_EMIT_LOC_STRINGS = YES;
				SWIFT_VERSION = 5.0;
				TARGETED_DEVICE_FAMILY = "1,2";
			};
			name = Debug;
		};
		B3AB1B3E2CD2589E00D4DB44 /* Release */ = {
			isa = XCBuildConfiguration;
			buildSettings = {
				ASSETCATALOG_COMPILER_APPICON_NAME = AppIcon;
				ASSETCATALOG_COMPILER_GLOBAL_ACCENT_COLOR_NAME = AccentColor;
				CODE_SIGN_STYLE = Automatic;
				CURRENT_PROJECT_VERSION = 1;
				DEVELOPMENT_ASSET_PATHS = "\"NewsReaderApp/Preview Content\"";
				ENABLE_PREVIEWS = YES;
				GENERATE_INFOPLIST_FILE = YES;
				INFOPLIST_KEY_UIApplicationSceneManifest_Generation = YES;
				INFOPLIST_KEY_UIApplicationSupportsIndirectInputEvents = YES;
				INFOPLIST_KEY_UILaunchScreen_Generation = YES;
				INFOPLIST_KEY_UISupportedInterfaceOrientations_iPad = "UIInterfaceOrientationPortrait UIInterfaceOrientationPortraitUpsideDown UIInterfaceOrientationLandscapeLeft UIInterfaceOrientationLandscapeRight";
				INFOPLIST_KEY_UISupportedInterfaceOrientations_iPhone = "UIInterfaceOrientationPortrait UIInterfaceOrientationLandscapeLeft UIInterfaceOrientationLandscapeRight";
				LD_RUNPATH_SEARCH_PATHS = (
					"$(inherited)",
					"@executable_path/Frameworks",
				);
				MARKETING_VERSION = 1.0;
				PRODUCT_BUNDLE_IDENTIFIER = sachin.com.NewsReaderApp;
				PRODUCT_NAME = "$(TARGET_NAME)";
				SWIFT_EMIT_LOC_STRINGS = YES;
				SWIFT_VERSION = 5.0;
				TARGETED_DEVICE_FAMILY = "1,2";
			};
			name = Release;
		};
/* End XCBuildConfiguration section */

/* Begin XCConfigurationList section */
		B35170A22CD61DBB00D929F3 /* Build configuration list for PBXNativeTarget "NewsReaderAppTests" */ = {
			isa = XCConfigurationList;
			buildConfigurations = (
				B35170A32CD61DBB00D929F3 /* Debug */,
				B35170A42CD61DBB00D929F3 /* Release */,
			);
			defaultConfigurationIsVisible = 0;
			defaultConfigurationName = Release;
		};
		B3AB1B292CD2589C00D4DB44 /* Build configuration list for PBXProject "NewsReaderApp" */ = {
			isa = XCConfigurationList;
			buildConfigurations = (
				B3AB1B3A2CD2589E00D4DB44 /* Debug */,
				B3AB1B3B2CD2589E00D4DB44 /* Release */,
			);
			defaultConfigurationIsVisible = 0;
			defaultConfigurationName = Release;
		};
		B3AB1B3C2CD2589E00D4DB44 /* Build configuration list for PBXNativeTarget "NewsReaderApp" */ = {
			isa = XCConfigurationList;
			buildConfigurations = (
				B3AB1B3D2CD2589E00D4DB44 /* Debug */,
				B3AB1B3E2CD2589E00D4DB44 /* Release */,
			);
			defaultConfigurationIsVisible = 0;
			defaultConfigurationName = Release;
		};
/* End XCConfigurationList section */
	};
	rootObject = B3AB1B262CD2589C00D4DB44 /* Project object */;
}
